
Microsoft Visual Studio Solution File, Format Version 12.00
# Visual Studio 15
VisualStudioVersion = 15.0.26124.0
MinimumVisualStudioVersion = 15.0.26124.0
Project("{FAE04EC0-301F-11D3-BF4B-00C04F79EFBC}") = "API", "API\API.csproj", "{AFD0ECB0-BF78-4030-9C8C-2EA4C2A640DF}"
EndProject
Project("{FAE04EC0-301F-11D3-BF4B-00C04F79EFBC}") = "Core", "Core\Core.csproj", "{C03A8DEA-0A19-4984-80CF-7D025F086B18}"
EndProject
Project("{FAE04EC0-301F-11D3-BF4B-00C04F79EFBC}") = "Infrastructure", "Infrastructure\Infrastructure.csproj", "{659E5F0D-492C-4966-98B7-957F55AFA65A}"
EndProject
Global
	GlobalSection(SolutionConfigurationPlatforms) = preSolution
		Debug|Any CPU = Debug|Any CPU
		Debug|x64 = Debug|x64
		Debug|x86 = Debug|x86
		Release|Any CPU = Release|Any CPU
		Release|x64 = Release|x64
		Release|x86 = Release|x86
	EndGlobalSection
	GlobalSection(SolutionProperties) = preSolution
		HideSolutionNode = FALSE
	EndGlobalSection
	GlobalSection(ProjectConfigurationPlatforms) = postSolution
		{AFD0ECB0-BF78-4030-9C8C-2EA4C2A640DF}.Debug|Any CPU.ActiveCfg = Debug|Any CPU
		{AFD0ECB0-BF78-4030-9C8C-2EA4C2A640DF}.Debug|Any CPU.Build.0 = Debug|Any CPU
		{AFD0ECB0-BF78-4030-9C8C-2EA4C2A640DF}.Debug|x64.ActiveCfg = Debug|Any CPU
		{AFD0ECB0-BF78-4030-9C8C-2EA4C2A640DF}.Debug|x64.Build.0 = Debug|Any CPU
		{AFD0ECB0-BF78-4030-9C8C-2EA4C2A640DF}.Debug|x86.ActiveCfg = Debug|Any CPU
		{AFD0ECB0-BF78-4030-9C8C-2EA4C2A640DF}.Debug|x86.Build.0 = Debug|Any CPU
		{AFD0ECB0-BF78-4030-9C8C-2EA4C2A640DF}.Release|Any CPU.ActiveCfg = Release|Any CPU
		{AFD0ECB0-BF78-4030-9C8C-2EA4C2A640DF}.Release|Any CPU.Build.0 = Release|Any CPU
		{AFD0ECB0-BF78-4030-9C8C-2EA4C2A640DF}.Release|x64.ActiveCfg = Release|Any CPU
		{AFD0ECB0-BF78-4030-9C8C-2EA4C2A640DF}.Release|x64.Build.0 = Release|Any CPU
		{AFD0ECB0-BF78-4030-9C8C-2EA4C2A640DF}.Release|x86.ActiveCfg = Release|Any CPU
		{AFD0ECB0-BF78-4030-9C8C-2EA4C2A640DF}.Release|x86.Build.0 = Release|Any CPU
		{C03A8DEA-0A19-4984-80CF-7D025F086B18}.Debug|Any CPU.ActiveCfg = Debug|Any CPU
		{C03A8DEA-0A19-4984-80CF-7D025F086B18}.Debug|Any CPU.Build.0 = Debug|Any CPU
		{C03A8DEA-0A19-4984-80CF-7D025F086B18}.Debug|x64.ActiveCfg = Debug|Any CPU
		{C03A8DEA-0A19-4984-80CF-7D025F086B18}.Debug|x64.Build.0 = Debug|Any CPU
		{C03A8DEA-0A19-4984-80CF-7D025F086B18}.Debug|x86.ActiveCfg = Debug|Any CPU
		{C03A8DEA-0A19-4984-80CF-7D025F086B18}.Debug|x86.Build.0 = Debug|Any CPU
		{C03A8DEA-0A19-4984-80CF-7D025F086B18}.Release|Any CPU.ActiveCfg = Release|Any CPU
		{C03A8DEA-0A19-4984-80CF-7D025F086B18}.Release|Any CPU.Build.0 = Release|Any CPU
		{C03A8DEA-0A19-4984-80CF-7D025F086B18}.Release|x64.ActiveCfg = Release|Any CPU
		{C03A8DEA-0A19-4984-80CF-7D025F086B18}.Release|x64.Build.0 = Release|Any CPU
		{C03A8DEA-0A19-4984-80CF-7D025F086B18}.Release|x86.ActiveCfg = Release|Any CPU
		{C03A8DEA-0A19-4984-80CF-7D025F086B18}.Release|x86.Build.0 = Release|Any CPU
		{659E5F0D-492C-4966-98B7-957F55AFA65A}.Debug|Any CPU.ActiveCfg = Debug|Any CPU
		{659E5F0D-492C-4966-98B7-957F55AFA65A}.Debug|Any CPU.Build.0 = Debug|Any CPU
		{659E5F0D-492C-4966-98B7-957F55AFA65A}.Debug|x64.ActiveCfg = Debug|Any CPU
		{659E5F0D-492C-4966-98B7-957F55AFA65A}.Debug|x64.Build.0 = Debug|Any CPU
		{659E5F0D-492C-4966-98B7-957F55AFA65A}.Debug|x86.ActiveCfg = Debug|Any CPU
		{659E5F0D-492C-4966-98B7-957F55AFA65A}.Debug|x86.Build.0 = Debug|Any CPU
		{659E5F0D-492C-4966-98B7-957F55AFA65A}.Release|Any CPU.ActiveCfg = Release|Any CPU
		{659E5F0D-492C-4966-98B7-957F55AFA65A}.Release|Any CPU.Build.0 = Release|Any CPU
		{659E5F0D-492C-4966-98B7-957F55AFA65A}.Release|x64.ActiveCfg = Release|Any CPU
		{659E5F0D-492C-4966-98B7-957F55AFA65A}.Release|x64.Build.0 = Release|Any CPU
		{659E5F0D-492C-4966-98B7-957F55AFA65A}.Release|x86.ActiveCfg = Release|Any CPU
		{659E5F0D-492C-4966-98B7-957F55AFA65A}.Release|x86.Build.0 = Release|Any CPU
	EndGlobalSection
EndGlobal
